{
  "version": 4,
  "terraform_version": "0.12.29",
  "serial": 810,
  "lineage": "c59847da-2cc3-5576-2519-94170b15d99e",
  "outputs": {
    "config-map-aws-auth": {
      "value": "apiVersion: v1\nkind: ConfigMap\nmetadata:\n  name: aws-auth\n  namespace: kube-system\ndata:\n  mapRoles: |\n    - rolearn: arn:aws:iam::401413892014:role/eks-node-role\n      username: system:node:{{EC2PrivateDNSName}}\n      groups:\n        - system:bootstrappers\n        - system:nodes\n",
      "type": "string"
    }
  },
  "resources": [
    {
      "module": "module.eks-cluster",
      "mode": "data",
      "type": "aws_ami",
      "name": "eks-worker",
      "provider": "provider.aws",
      "instances": [
        {
          "schema_version": 0,
          "attributes": {
            "architecture": "x86_64",
            "arn": "arn:aws:ec2:us-east-1::image/ami-07250434f8a7bc5f1",
            "block_device_mappings": [
              {
                "device_name": "/dev/xvda",
                "ebs": {
                  "delete_on_termination": "true",
                  "encrypted": "false",
                  "iops": "0",
                  "snapshot_id": "snap-05cfbb82ee402f4a9",
                  "volume_size": "20",
                  "volume_type": "gp2"
                },
                "no_device": "",
                "virtual_name": ""
              }
            ],
            "creation_date": "2020-10-07T22:13:21.000Z",
            "description": "EKS Kubernetes Worker AMI with AmazonLinux2 image, (k8s: 1.17.11, docker:19.03.6ce-4.amzn2)",
            "executable_users": null,
            "filter": [
              {
                "name": "name",
                "values": [
                  "amazon-eks-node-1.17-v*"
                ]
              }
            ],
            "hypervisor": "xen",
            "id": "ami-07250434f8a7bc5f1",
            "image_id": "ami-07250434f8a7bc5f1",
            "image_location": "amazon/amazon-eks-node-1.17-v20201007",
            "image_owner_alias": "amazon",
            "image_type": "machine",
            "kernel_id": null,
            "most_recent": true,
            "name": "amazon-eks-node-1.17-v20201007",
            "name_regex": null,
            "owner_id": "602401143452",
            "owners": [
              "602401143452"
            ],
            "platform": null,
            "product_codes": [],
            "public": true,
            "ramdisk_id": null,
            "root_device_name": "/dev/xvda",
            "root_device_type": "ebs",
            "root_snapshot_id": "snap-05cfbb82ee402f4a9",
            "sriov_net_support": "simple",
            "state": "available",
            "state_reason": {
              "code": "UNSET",
              "message": "UNSET"
            },
            "tags": {},
            "virtualization_type": "hvm"
          }
        }
      ]
    },
    {
      "module": "module.eks-cluster",
      "mode": "data",
      "type": "aws_availability_zones",
      "name": "available",
      "provider": "provider.aws",
      "instances": [
        {
          "schema_version": 0,
          "attributes": {
            "all_availability_zones": null,
            "exclude_names": null,
            "exclude_zone_ids": null,
            "filter": null,
            "group_names": [
              "us-east-1"
            ],
            "id": "us-east-1",
            "names": [
              "us-east-1a",
              "us-east-1b",
              "us-east-1c",
              "us-east-1d",
              "us-east-1e",
              "us-east-1f"
            ],
            "state": "available",
            "zone_ids": [
              "use1-az4",
              "use1-az6",
              "use1-az1",
              "use1-az2",
              "use1-az3",
              "use1-az5"
            ]
          }
        }
      ]
    },
    {
      "module": "module.eks-cluster",
      "mode": "managed",
      "type": "aws_autoscaling_group",
      "name": "eks-asg",
      "provider": "provider.aws",
      "instances": [
        {
          "schema_version": 0,
          "attributes": {
            "arn": "arn:aws:autoscaling:us-east-1:401413892014:autoScalingGroup:06e97762-b6a7-4d99-afb2-6e6d055f2787:autoScalingGroupName/exchange-dev",
            "availability_zones": [
              "us-east-1a",
              "us-east-1b",
              "us-east-1c"
            ],
            "default_cooldown": 300,
            "desired_capacity": 3,
            "enabled_metrics": [],
            "force_delete": false,
            "health_check_grace_period": 300,
            "health_check_type": "EC2",
            "id": "exchange-dev",
            "initial_lifecycle_hook": [],
            "launch_configuration": "",
            "launch_template": [],
            "load_balancers": [],
            "max_instance_lifetime": 0,
            "max_size": 6,
            "metrics_granularity": "1Minute",
            "min_elb_capacity": null,
            "min_size": 3,
            "mixed_instances_policy": [
              {
                "instances_distribution": [
                  {
                    "on_demand_allocation_strategy": "prioritized",
                    "on_demand_base_capacity": 0,
                    "on_demand_percentage_above_base_capacity": 0,
                    "spot_allocation_strategy": "lowest-price",
                    "spot_instance_pools": 2,
                    "spot_max_price": ""
                  }
                ],
                "launch_template": [
                  {
                    "launch_template_specification": [
                      {
                        "launch_template_id": "lt-0dfbc4d74db3ee454",
                        "launch_template_name": "eks-launch_template",
                        "version": "$Default"
                      }
                    ],
                    "override": [
                      {
                        "instance_type": "t3.medium",
                        "weighted_capacity": ""
                      },
                      {
                        "instance_type": "t3a.medium",
                        "weighted_capacity": ""
                      },
                      {
                        "instance_type": "t2.medium",
                        "weighted_capacity": ""
                      }
                    ]
                  }
                ]
              }
            ],
            "name": "exchange-dev",
            "name_prefix": null,
            "placement_group": "",
            "protect_from_scale_in": false,
            "service_linked_role_arn": "arn:aws:iam::401413892014:role/aws-service-role/autoscaling.amazonaws.com/AWSServiceRoleForAutoScaling",
            "suspended_processes": [],
            "tag": [
              {
                "key": "Name",
                "propagate_at_launch": true,
                "value": "exchange-dev"
              },
              {
                "key": "k8s.io/cluster-autoscaler/enabled",
                "propagate_at_launch": true,
                "value": "true"
              },
              {
                "key": "k8s.io/cluster-autoscaler/exchange-dev",
                "propagate_at_launch": true,
                "value": "owned"
              },
              {
                "key": "kubernetes.io/cluster/exchange-dev",
                "propagate_at_launch": true,
                "value": "owned"
              }
            ],
            "tags": null,
            "target_group_arns": [],
            "termination_policies": [],
            "timeouts": null,
            "vpc_zone_identifier": [
              "subnet-00d7a6a53c72a46c0",
              "subnet-0bcbd454fb7c2e82a",
              "subnet-0dab16fedbcd2139e"
            ],
            "wait_for_capacity_timeout": "10m",
            "wait_for_elb_capacity": null
          },
          "private": "eyJlMmJmYjczMC1lY2FhLTExZTYtOGY4OC0zNDM2M2JjN2M0YzAiOnsiZGVsZXRlIjo2MDAwMDAwMDAwMDB9fQ==",
          "dependencies": [
            "module.eks-cluster.aws_launch_template.eks-launch_template",
            "module.eks-cluster.aws_subnet.eks-public-1",
            "module.eks-cluster.aws_subnet.eks-public-2",
            "module.eks-cluster.aws_subnet.eks-public-3"
          ]
        }
      ]
    },
    {
      "mode": "managed",
      "type": "aws_dynamodb_table",
      "name": "eks-terraform-state-lock",
      "provider": "provider.aws",
      "instances": [
        {
          "schema_version": 1,
          "attributes": {
            "arn": "arn:aws:dynamodb:us-east-1:401413892014:table/eks-state-lock",
            "attribute": [
              {
                "name": "LockID",
                "type": "S"
              }
            ],
            "billing_mode": "PROVISIONED",
            "global_secondary_index": [],
            "hash_key": "LockID",
            "id": "eks-state-lock",
            "local_secondary_index": [],
            "name": "eks-state-lock",
            "point_in_time_recovery": [
              {
                "enabled": false
              }
            ],
            "range_key": null,
            "read_capacity": 20,
            "replica": [],
            "server_side_encryption": [],
            "stream_arn": "",
            "stream_enabled": false,
            "stream_label": "",
            "stream_view_type": "",
            "tags": null,
            "timeouts": null,
            "ttl": [
              {
                "attribute_name": "",
                "enabled": false
              }
            ],
            "write_capacity": 20
          },
          "private": "eyJlMmJmYjczMC1lY2FhLTExZTYtOGY4OC0zNDM2M2JjN2M0YzAiOnsiY3JlYXRlIjo2MDAwMDAwMDAwMDAsImRlbGV0ZSI6NjAwMDAwMDAwMDAwLCJ1cGRhdGUiOjM2MDAwMDAwMDAwMDB9LCJzY2hlbWFfdmVyc2lvbiI6IjEifQ=="
        }
      ]
    },
    {
      "module": "module.eks-cluster",
      "mode": "managed",
      "type": "aws_eks_cluster",
      "name": "eks-cluster",
      "provider": "provider.aws",
      "instances": [
        {
          "schema_version": 0,
          "attributes": {
            "arn": "arn:aws:eks:us-east-1:401413892014:cluster/exchange-dev",
            "certificate_authority": [
              {
                "data": "LS0tLS1CRUdJTiBDRVJUSUZJQ0FURS0tLS0tCk1JSUN5RENDQWJDZ0F3SUJBZ0lCQURBTkJna3Foa2lHOXcwQkFRc0ZBREFWTVJNd0VRWURWUVFERXdwcmRXSmwKY201bGRHVnpNQjRYRFRJd01UQXlPREU0TURVeU5Gb1hEVE13TVRBeU5qRTRNRFV5TkZvd0ZURVRNQkVHQTFVRQpBeE1LYTNWaVpYSnVaWFJsY3pDQ0FTSXdEUVlKS29aSWh2Y05BUUVCQlFBRGdnRVBBRENDQVFvQ2dnRUJBTE9HCnFNSUpPRnIyRkl0aUlZR0lHUjBKUmR5Rng5ek9rbHNVL2wyWFloc21rT0cvRGFnS0puVmZhbjlsanpqb0I1YWgKd1RLNGZoYzFtTWhNZUZmalNtbHhNcURPeWo0ZkRSRWtGZU40NFhLZzhGRFNQNW9TTlY1dytpVGdsRVRLZ2lMOQpXQjFzTStJSkw5Ylc0VDlzR05lY3Z2OEVwM0RTYkF1TitGTVJqVzY5b2lQRThEWE05SWdadEVjMDBjR01hQkFkClR5RFowem1CRHdwcmUwWVlrY1FmWG9KdE82UXM3WHEwajZFUWZvUHhUUFVKd3J3aUppbG94QklQSkt2VzdlVzQKaEZ1eVRCUmpYMEhkMjYxcDd1SG1XMENvNHZtTEdvMzh4enRYaWVPcTdPN0o1R2oyL2ZYTFY4R0NCb1BvaGZEYgp6R0JJY0dCdFl2QXBUQnJwNmZzQ0F3RUFBYU1qTUNFd0RnWURWUjBQQVFIL0JBUURBZ0trTUE4R0ExVWRFd0VCCi93UUZNQU1CQWY4d0RRWUpLb1pJaHZjTkFRRUxCUUFEZ2dFQkFJWTBrcFdHZXlvL0pScEgxd3hDUDdYdG5qWGkKTGpVeTB3eFd6OUlHc0xscGt2VzJWNzYyRUhZUEV6OE90cXI1WTBaNjlRbnNXcmxDaTBLbTdDYjMyTXVKNHdWNwo5MGhjQ3hCTUh5ZzdCNWhQZzdNU0lTMzlLN3BxdFJYREM0dnd0UE9KZmtlUmgrSVZPTWlLbU5sa25PZzRLL0FtCnNCTm1ja2VENWpvcGpkNXl2dTRqZWVZQ0kwditHcVFia0cwYkFBYmREK1hzMXBaTXltbk5lMk8zaWRNbXJBNXkKdHpZaHJ5ZjhwVHpCK1FHcmJsK1dNTktuZUZBdnRXNkNKOWNwcnV5dktTQTVzbnFtMTBydWFwNFVJNDhWelB0aQp3UThGVXVuMldxSFZrRXhLdzZoTzJDWHlEdVpPUGRmd2pzaHRQb2o4Mm94MlJvYWJXcDlqamptdlJrOD0KLS0tLS1FTkQgQ0VSVElGSUNBVEUtLS0tLQo="
              }
            ],
            "created_at": "2020-10-28 17:55:40.522 +0000 UTC",
            "enabled_cluster_log_types": [],
            "encryption_config": [],
            "endpoint": "https://39440E08895B6A50D22073CA7138D283.gr7.us-east-1.eks.amazonaws.com",
            "id": "exchange-dev",
            "identity": [
              {
                "oidc": [
                  {
                    "issuer": "https://oidc.eks.us-east-1.amazonaws.com/id/39440E08895B6A50D22073CA7138D283"
                  }
                ]
              }
            ],
            "name": "exchange-dev",
            "platform_version": "eks.3",
            "role_arn": "arn:aws:iam::401413892014:role/eks-cluster-role",
            "status": "ACTIVE",
            "tags": {},
            "timeouts": null,
            "version": "1.17",
            "vpc_config": [
              {
                "cluster_security_group_id": "sg-0b6139773c3235b0c",
                "endpoint_private_access": false,
                "endpoint_public_access": true,
                "public_access_cidrs": [
                  "0.0.0.0/0"
                ],
                "security_group_ids": [
                  "sg-03ee6b591c3d8b235"
                ],
                "subnet_ids": [
                  "subnet-00d7a6a53c72a46c0",
                  "subnet-0bcbd454fb7c2e82a",
                  "subnet-0dab16fedbcd2139e"
                ],
                "vpc_id": "vpc-024ddaf33064513e7"
              }
            ]
          },
          "private": "eyJlMmJmYjczMC1lY2FhLTExZTYtOGY4OC0zNDM2M2JjN2M0YzAiOnsiY3JlYXRlIjoxODAwMDAwMDAwMDAwLCJkZWxldGUiOjkwMDAwMDAwMDAwMCwidXBkYXRlIjozNjAwMDAwMDAwMDAwfX0=",
          "dependencies": [
            "module.eks-cluster.aws_iam_role.eks-cluster-role",
            "module.eks-cluster.aws_iam_role_policy_attachment.cluster-AmazonEKSClusterPolicy",
            "module.eks-cluster.aws_iam_role_policy_attachment.cluster-AmazonEKSServicePolicy",
            "module.eks-cluster.aws_security_group.eks-cluster-group",
            "module.eks-cluster.aws_subnet.eks-public-1",
            "module.eks-cluster.aws_subnet.eks-public-2",
            "module.eks-cluster.aws_subnet.eks-public-3",
            "module.eks-cluster.aws_vpc.eks-vpc"
          ]
        }
      ]
    },
    {
      "module": "module.eks-cluster",
      "mode": "managed",
      "type": "aws_iam_instance_profile",
      "name": "instance_profile",
      "provider": "provider.aws",
      "instances": [
        {
          "schema_version": 0,
          "attributes": {
            "arn": "arn:aws:iam::401413892014:instance-profile/eks-instance-profile1",
            "create_date": "2020-10-28T18:25:20Z",
            "id": "eks-instance-profile1",
            "name": "eks-instance-profile1",
            "name_prefix": null,
            "path": "/",
            "role": "eks-node-role",
            "unique_id": "AIPAV25RB46XOVT26UTBW"
          },
          "private": "bnVsbA==",
          "dependencies": [
            "module.eks-cluster.aws_iam_role.eks-node-role"
          ]
        }
      ]
    },
    {
      "module": "module.eks-cluster",
      "mode": "managed",
      "type": "aws_iam_policy",
      "name": "cluster-autoscaler",
      "provider": "provider.aws",
      "instances": [
        {
          "schema_version": 0,
          "attributes": {
            "arn": "arn:aws:iam::401413892014:policy/cluster-autoscaler",
            "description": "",
            "id": "arn:aws:iam::401413892014:policy/cluster-autoscaler",
            "name": "cluster-autoscaler",
            "name_prefix": null,
            "path": "/",
            "policy": "{\n    \"Version\": \"2012-10-17\",\n    \"Statement\": [\n        {\n            \"Effect\": \"Allow\",\n            \"Action\": [\n                \"autoscaling:DescribeAutoScalingGroups\",\n                \"autoscaling:DescribeAutoScalingInstances\",\n                \"autoscaling:DescribeLaunchConfigurations\",\n                \"autoscaling:DescribeTags\",\n                \"autoscaling:SetDesiredCapacity\",\n                \"autoscaling:TerminateInstanceInAutoScalingGroup\",\n                \"ec2:DescribeLaunchTemplateVersions\"\n            ],\n            \"Resource\": \"*\"\n        }\n    ]\n}\n"
          },
          "private": "bnVsbA=="
        }
      ]
    },
    {
      "module": "module.eks-cluster",
      "mode": "managed",
      "type": "aws_iam_policy",
      "name": "elb-permission",
      "provider": "provider.aws",
      "instances": [
        {
          "schema_version": 0,
          "attributes": {
            "arn": "arn:aws:iam::401413892014:policy/elb-permission",
            "description": "",
            "id": "arn:aws:iam::401413892014:policy/elb-permission",
            "name": "elb-permission",
            "name_prefix": null,
            "path": "/",
            "policy": "{\n    \"Version\": \"2012-10-17\",\n    \"Statement\": [\n        {\n            \"Sid\": \"VisualEditor0\",\n            \"Effect\": \"Allow\",\n            \"Action\": [\n                \"elasticloadbalancing:SetLoadBalancerPoliciesForBackendServer\",\n                \"elasticloadbalancing:DetachLoadBalancerFromSubnets\",\n                \"elasticloadbalancing:CreateLoadBalancer\",\n                \"elasticloadbalancing:AttachLoadBalancerToSubnets\",\n                \"elasticloadbalancing:ConfigureHealthCheck\",\n                \"elasticloadbalancing:DeleteLoadBalancer\",\n                \"elasticloadbalancing:DescribeLoadBalancerAttributes\",\n                \"elasticloadbalancing:DescribeLoadBalancers\",\n                \"elasticloadbalancing:SetLoadBalancerPoliciesOfListener\",\n                \"elasticloadbalancing:AddTags\",\n                \"elasticloadbalancing:DescribeLoadBalancerPolicies\",\n                \"elasticloadbalancing:ApplySecurityGroupsToLoadBalancer\",\n                \"elasticloadbalancing:DeleteLoadBalancerListeners\",\n                \"elasticloadbalancing:DeregisterInstancesFromLoadBalancer\",\n                \"elasticloadbalancing:RegisterInstancesWithLoadBalancer\",\n                \"elasticloadbalancing:ModifyLoadBalancerAttributes\",\n                \"elasticloadbalancing:CreateLoadBalancerPolicy\"\n            ],\n            \"Resource\": \"*\"\n        }\n    ]\n}\n"
          },
          "private": "bnVsbA=="
        }
      ]
    },
    {
      "module": "module.eks-cluster",
      "mode": "managed",
      "type": "aws_iam_role",
      "name": "eks-cluster-role",
      "provider": "provider.aws",
      "instances": [
        {
          "schema_version": 0,
          "attributes": {
            "arn": "arn:aws:iam::401413892014:role/eks-cluster-role",
            "assume_role_policy": "{\"Version\":\"2012-10-17\",\"Statement\":[{\"Effect\":\"Allow\",\"Principal\":{\"Service\":\"eks.amazonaws.com\"},\"Action\":\"sts:AssumeRole\"}]}",
            "create_date": "2020-10-28T17:55:31Z",
            "description": "",
            "force_detach_policies": false,
            "id": "eks-cluster-role",
            "max_session_duration": 3600,
            "name": "eks-cluster-role",
            "name_prefix": null,
            "path": "/",
            "permissions_boundary": null,
            "tags": {},
            "unique_id": "AROAV25RB46XFAHZ5EM5B"
          },
          "private": "bnVsbA=="
        }
      ]
    },
    {
      "module": "module.eks-cluster",
      "mode": "managed",
      "type": "aws_iam_role",
      "name": "eks-node-role",
      "provider": "provider.aws",
      "instances": [
        {
          "schema_version": 0,
          "attributes": {
            "arn": "arn:aws:iam::401413892014:role/eks-node-role",
            "assume_role_policy": "{\"Version\":\"2012-10-17\",\"Statement\":[{\"Effect\":\"Allow\",\"Principal\":{\"Service\":\"ec2.amazonaws.com\"},\"Action\":\"sts:AssumeRole\"}]}",
            "create_date": "2020-10-28T17:55:31Z",
            "description": "",
            "force_detach_policies": false,
            "id": "eks-node-role",
            "max_session_duration": 3600,
            "name": "eks-node-role",
            "name_prefix": null,
            "path": "/",
            "permissions_boundary": null,
            "tags": {},
            "unique_id": "AROAV25RB46XLHUHMDJ65"
          },
          "private": "bnVsbA=="
        }
      ]
    },
    {
      "module": "module.eks-cluster",
      "mode": "managed",
      "type": "aws_iam_role_policy_attachment",
      "name": "cluster-AmazonEKSClusterPolicy",
      "provider": "provider.aws",
      "instances": [
        {
          "schema_version": 0,
          "attributes": {
            "id": "eks-cluster-role-20201028175530127700000002",
            "policy_arn": "arn:aws:iam::aws:policy/AmazonEKSClusterPolicy",
            "role": "eks-cluster-role"
          },
          "private": "bnVsbA==",
          "dependencies": [
            "module.eks-cluster.aws_iam_role.eks-cluster-role"
          ]
        }
      ]
    },
    {
      "module": "module.eks-cluster",
      "mode": "managed",
      "type": "aws_iam_role_policy_attachment",
      "name": "cluster-AmazonEKSServicePolicy",
      "provider": "provider.aws",
      "instances": [
        {
          "schema_version": 0,
          "attributes": {
            "id": "eks-cluster-role-20201028175530127700000004",
            "policy_arn": "arn:aws:iam::aws:policy/AmazonEKSServicePolicy",
            "role": "eks-cluster-role"
          },
          "private": "bnVsbA==",
          "dependencies": [
            "module.eks-cluster.aws_iam_role.eks-cluster-role"
          ]
        }
      ]
    },
    {
      "module": "module.eks-cluster",
      "mode": "managed",
      "type": "aws_iam_role_policy_attachment",
      "name": "cluster-autoscaler-attach",
      "provider": "provider.aws",
      "instances": [
        {
          "schema_version": 0,
          "attributes": {
            "id": "eks-node-role-20201028182048968900000001",
            "policy_arn": "arn:aws:iam::401413892014:policy/cluster-autoscaler",
            "role": "eks-node-role"
          },
          "private": "bnVsbA==",
          "dependencies": [
            "module.eks-cluster.aws_iam_policy.cluster-autoscaler",
            "module.eks-cluster.aws_iam_role.eks-node-role"
          ]
        }
      ]
    },
    {
      "module": "module.eks-cluster",
      "mode": "managed",
      "type": "aws_iam_role_policy_attachment",
      "name": "elb-permission-attach",
      "provider": "provider.aws",
      "instances": [
        {
          "schema_version": 0,
          "attributes": {
            "id": "eks-node-role-20201102200257675500000001",
            "policy_arn": "arn:aws:iam::401413892014:policy/elb-permission",
            "role": "eks-node-role"
          },
          "private": "bnVsbA==",
          "dependencies": [
            "module.eks-cluster.aws_iam_policy.elb-permission",
            "module.eks-cluster.aws_iam_role.eks-node-role"
          ]
        }
      ]
    },
    {
      "module": "module.eks-cluster",
      "mode": "managed",
      "type": "aws_iam_role_policy_attachment",
      "name": "node-AmazonEC2ContainerRegistryReadOnly",
      "provider": "provider.aws",
      "instances": [
        {
          "schema_version": 0,
          "attributes": {
            "id": "eks-node-role-20201028175530127700000005",
            "policy_arn": "arn:aws:iam::aws:policy/AmazonEC2ContainerRegistryReadOnly",
            "role": "eks-node-role"
          },
          "private": "bnVsbA==",
          "dependencies": [
            "module.eks-cluster.aws_iam_role.eks-node-role"
          ]
        }
      ]
    },
    {
      "module": "module.eks-cluster",
      "mode": "managed",
      "type": "aws_iam_role_policy_attachment",
      "name": "node-AmazonEKSWorkerNodePolicy",
      "provider": "provider.aws",
      "instances": [
        {
          "schema_version": 0,
          "attributes": {
            "id": "eks-node-role-20201028175530127700000003",
            "policy_arn": "arn:aws:iam::aws:policy/AmazonEKSWorkerNodePolicy",
            "role": "eks-node-role"
          },
          "private": "bnVsbA==",
          "dependencies": [
            "module.eks-cluster.aws_iam_role.eks-node-role"
          ]
        }
      ]
    },
    {
      "module": "module.eks-cluster",
      "mode": "managed",
      "type": "aws_iam_role_policy_attachment",
      "name": "node-AmazonEKS_CNI_Policy",
      "provider": "provider.aws",
      "instances": [
        {
          "schema_version": 0,
          "attributes": {
            "id": "eks-node-role-20201028175530127600000001",
            "policy_arn": "arn:aws:iam::aws:policy/AmazonEKS_CNI_Policy",
            "role": "eks-node-role"
          },
          "private": "bnVsbA==",
          "dependencies": [
            "module.eks-cluster.aws_iam_role.eks-node-role"
          ]
        }
      ]
    },
    {
      "module": "module.eks-cluster",
      "mode": "managed",
      "type": "aws_internet_gateway",
      "name": "eks-vpc-igw",
      "provider": "provider.aws",
      "instances": [
        {
          "schema_version": 0,
          "attributes": {
            "arn": "arn:aws:ec2:us-east-1:401413892014:internet-gateway/igw-0f1d1c918963b2723",
            "id": "igw-0f1d1c918963b2723",
            "owner_id": "401413892014",
            "tags": {},
            "vpc_id": "vpc-024ddaf33064513e7"
          },
          "private": "bnVsbA==",
          "dependencies": [
            "module.eks-cluster.aws_vpc.eks-vpc"
          ]
        }
      ]
    },
    {
      "module": "module.eks-cluster",
      "mode": "managed",
      "type": "aws_launch_template",
      "name": "eks-launch_template",
      "provider": "provider.aws",
      "instances": [
        {
          "schema_version": 0,
          "attributes": {
            "arn": "arn:aws:ec2:us-east-1:401413892014:launch-template/lt-0dfbc4d74db3ee454",
            "block_device_mappings": [
              {
                "device_name": "/dev/xvda",
                "ebs": [
                  {
                    "delete_on_termination": "",
                    "encrypted": "",
                    "iops": 0,
                    "kms_key_id": "",
                    "snapshot_id": "",
                    "volume_size": 10,
                    "volume_type": ""
                  }
                ],
                "no_device": "",
                "virtual_name": ""
              }
            ],
            "capacity_reservation_specification": [],
            "cpu_options": [],
            "credit_specification": [],
            "default_version": 1,
            "description": "",
            "disable_api_termination": false,
            "ebs_optimized": "",
            "elastic_gpu_specifications": [],
            "elastic_inference_accelerator": [],
            "hibernation_options": [],
            "iam_instance_profile": [
              {
                "arn": "",
                "name": "eks-instance-profile1"
              }
            ],
            "id": "lt-0dfbc4d74db3ee454",
            "image_id": "ami-07250434f8a7bc5f1",
            "instance_initiated_shutdown_behavior": "",
            "instance_market_options": [],
            "instance_type": "t2.medium",
            "kernel_id": "",
            "key_name": "eks-key",
            "latest_version": 1,
            "license_specification": [],
            "metadata_options": [],
            "monitoring": [],
            "name": "eks-launch_template",
            "name_prefix": null,
            "network_interfaces": [],
            "placement": [],
            "ram_disk_id": "",
            "security_group_names": [],
            "tag_specifications": [],
            "tags": {},
            "update_default_version": null,
            "user_data": "IyEvYmluL2Jhc2gKc2V0IC1vIHh0cmFjZQovZXRjL2Vrcy9ib290c3RyYXAuc2ggLS1hcGlzZXJ2ZXItZW5kcG9pbnQgJ2h0dHBzOi8vMzk0NDBFMDg4OTVCNkE1MEQyMjA3M0NBNzEzOEQyODMuZ3I3LnVzLWVhc3QtMS5la3MuYW1hem9uYXdzLmNvbScgLS1iNjQtY2x1c3Rlci1jYSAnTFMwdExTMUNSVWRKVGlCRFJWSlVTVVpKUTBGVVJTMHRMUzB0Q2sxSlNVTjVSRU5EUVdKRFowRjNTVUpCWjBsQ1FVUkJUa0puYTNGb2EybEhPWGN3UWtGUmMwWkJSRUZXVFZKTmQwVlJXVVJXVVZGRVJYZHdjbVJYU213S1kyMDFiR1JIVm5wTlFqUllSRlJKZDAxVVFYbFBSRVUwVFVSVmVVNUdiMWhFVkUxM1RWUkJlVTVxUlRSTlJGVjVUa1p2ZDBaVVJWUk5Ra1ZIUVRGVlJRcEJlRTFMWVROV2FWcFlTblZhV0ZKc1kzcERRMEZUU1hkRVVWbEtTMjlhU1doMlkwNUJVVVZDUWxGQlJHZG5SVkJCUkVORFFWRnZRMmRuUlVKQlRFOUhDbkZOU1VwUFJuSXlSa2wwYVVsWlIwbEhVakJLVW1SNVJuZzVlazlyYkhOVkwyd3lXRmxvYzIxclQwY3ZSR0ZuUzBwdVZtWmhiamxzYW5wcWIwSTFZV2dLZDFSTE5HWm9ZekZ0VFdoTlpVWm1hbE50YkhoTmNVUlBlV28wWmtSU1JXdEdaVTQwTkZoTFp6aEdSRk5RTlc5VFRsWTFkeXRwVkdkc1JWUkxaMmxNT1FwWFFqRnpUU3RKU2t3NVlsYzBWRGx6UjA1bFkzWjJPRVZ3TTBSVFlrRjFUaXRHVFZKcVZ6WTViMmxRUlRoRVdFMDVTV2RhZEVWak1EQmpSMDFoUWtGa0NsUjVSRm93ZW0xQ1JIZHdjbVV3V1ZsclkxRm1XRzlLZEU4MlVYTTNXSEV3YWpaRlVXWnZVSGhVVUZWS2QzSjNhVXBwYkc5NFFrbFFTa3QyVnpkbFZ6UUthRVoxZVZSQ1VtcFlNRWhrTWpZeGNEZDFTRzFYTUVOdk5IWnRURWR2TXpoNGVuUllhV1ZQY1RkUE4wbzFSMm95TDJaWVRGWTRSME5DYjFCdmFHWkVZZ3A2UjBKSlkwZENkRmwyUVhCVVFuSndObVp6UTBGM1JVRkJZVTFxVFVORmQwUm5XVVJXVWpCUVFWRklMMEpCVVVSQlowdHJUVUU0UjBFeFZXUkZkMFZDQ2k5M1VVWk5RVTFDUVdZNGQwUlJXVXBMYjFwSmFIWmpUa0ZSUlV4Q1VVRkVaMmRGUWtGSldUQnJjRmRIWlhsdkwwcFNjRWd4ZDNoRFVEZFlkRzVxV0drS1RHcFZlVEIzZUZkNk9VbEhjMHhzY0d0MlZ6SldOell5UlVoWlVFVjZPRTkwY1hJMVdUQmFOamxSYm5OWGNteERhVEJMYlRkRFlqTXlUWFZLTkhkV053bzVNR2hqUTNoQ1RVaDVaemRDTldoUVp6ZE5VMGxUTXpsTE4zQnhkRkpZUkVNMGRuZDBVRTlLWm10bFVtZ3JTVlpQVFdsTGJVNXNhMjVQWnpSTEwwRnRDbk5DVG0xamEyVkVOV3B2Y0dwa05YbDJkVFJxWldWWlEwa3dkaXRIY1ZGaWEwY3dZa0ZCWW1SRUsxaHpNWEJhVFhsdGJrNWxNazh6YVdSTmJYSkJOWGtLZEhwWmFISjVaamh3VkhwQ0sxRkhjbUpzSzFkTlRrdHVaVVpCZG5SWE5rTktPV053Y25WNWRrdFRRVFZ6Ym5GdE1UQnlkV0Z3TkZWSk5EaFdlbEIwYVFwM1VUaEdWWFZ1TWxkeFNGWnJSWGhMZHpab1R6SkRXSGxFZFZwUFVHUm1kMnB6YUhSUWIybzRNbTk0TWxKdllXSlhjRGxxYW1wdGRsSnJPRDBLTFMwdExTMUZUa1FnUTBWU1ZFbEdTVU5CVkVVdExTMHRMUW89JyAnZXhjaGFuZ2UtZGV2Jwo=",
            "vpc_security_group_ids": [
              "sg-05c8a4cb3d29df12c"
            ]
          },
          "private": "bnVsbA==",
          "dependencies": [
            "module.eks-cluster.aws_eks_cluster.eks-cluster",
            "module.eks-cluster.aws_iam_instance_profile.instance_profile",
            "module.eks-cluster.aws_security_group.eks-node-wrkgrp"
          ]
        }
      ]
    },
    {
      "module": "module.eks-cluster",
      "mode": "managed",
      "type": "aws_route_table",
      "name": "eks-public-rt",
      "provider": "provider.aws",
      "instances": [
        {
          "schema_version": 0,
          "attributes": {
            "id": "rtb-053e1a802c8ee89d7",
            "owner_id": "401413892014",
            "propagating_vgws": [],
            "route": [
              {
                "cidr_block": "0.0.0.0/0",
                "egress_only_gateway_id": "",
                "gateway_id": "igw-0f1d1c918963b2723",
                "instance_id": "",
                "ipv6_cidr_block": "",
                "local_gateway_id": "",
                "nat_gateway_id": "",
                "network_interface_id": "",
                "transit_gateway_id": "",
                "vpc_peering_connection_id": ""
              }
            ],
            "tags": {
              "Name": "eks-public-rt"
            },
            "vpc_id": "vpc-024ddaf33064513e7"
          },
          "private": "bnVsbA==",
          "dependencies": [
            "module.eks-cluster.aws_internet_gateway.eks-vpc-igw",
            "module.eks-cluster.aws_vpc.eks-vpc"
          ]
        }
      ]
    },
    {
      "module": "module.eks-cluster",
      "mode": "managed",
      "type": "aws_route_table_association",
      "name": "eks-public-rt1a",
      "provider": "provider.aws",
      "instances": [
        {
          "schema_version": 0,
          "attributes": {
            "gateway_id": null,
            "id": "rtbassoc-0e17f166be8d7c70e",
            "route_table_id": "rtb-053e1a802c8ee89d7",
            "subnet_id": "subnet-0dab16fedbcd2139e"
          },
          "private": "bnVsbA==",
          "dependencies": [
            "module.eks-cluster.aws_route_table.eks-public-rt",
            "module.eks-cluster.aws_subnet.eks-public-1"
          ]
        }
      ]
    },
    {
      "module": "module.eks-cluster",
      "mode": "managed",
      "type": "aws_route_table_association",
      "name": "eks-public-rt1b",
      "provider": "provider.aws",
      "instances": [
        {
          "schema_version": 0,
          "attributes": {
            "gateway_id": null,
            "id": "rtbassoc-0df25194463cd8066",
            "route_table_id": "rtb-053e1a802c8ee89d7",
            "subnet_id": "subnet-0bcbd454fb7c2e82a"
          },
          "private": "bnVsbA==",
          "dependencies": [
            "module.eks-cluster.aws_route_table.eks-public-rt",
            "module.eks-cluster.aws_subnet.eks-public-2"
          ]
        }
      ]
    },
    {
      "module": "module.eks-cluster",
      "mode": "managed",
      "type": "aws_route_table_association",
      "name": "eks-public-rt1c",
      "provider": "provider.aws",
      "instances": [
        {
          "schema_version": 0,
          "attributes": {
            "gateway_id": null,
            "id": "rtbassoc-0803714861f376f55",
            "route_table_id": "rtb-053e1a802c8ee89d7",
            "subnet_id": "subnet-00d7a6a53c72a46c0"
          },
          "private": "bnVsbA==",
          "dependencies": [
            "module.eks-cluster.aws_route_table.eks-public-rt",
            "module.eks-cluster.aws_subnet.eks-public-3"
          ]
        }
      ]
    },
    {
      "module": "module.eks-cluster",
      "mode": "managed",
      "type": "aws_security_group",
      "name": "eks-cluster-group",
      "provider": "provider.aws",
      "instances": [
        {
          "schema_version": 1,
          "attributes": {
            "arn": "arn:aws:ec2:us-east-1:401413892014:security-group/sg-03ee6b591c3d8b235",
            "description": "Cluster communication with worker nodes",
            "egress": [
              {
                "cidr_blocks": [
                  "0.0.0.0/0"
                ],
                "description": "",
                "from_port": 0,
                "ipv6_cidr_blocks": [],
                "prefix_list_ids": [],
                "protocol": "-1",
                "security_groups": [],
                "self": false,
                "to_port": 0
              }
            ],
            "id": "sg-03ee6b591c3d8b235",
            "ingress": [
              {
                "cidr_blocks": [],
                "description": "Allow pods to communicate with the cluster API Server",
                "from_port": 0,
                "ipv6_cidr_blocks": [],
                "prefix_list_ids": [],
                "protocol": "-1",
                "security_groups": [
                  "sg-05c8a4cb3d29df12c"
                ],
                "self": false,
                "to_port": 0
              }
            ],
            "name": "eks-cluster-group",
            "name_prefix": "",
            "owner_id": "401413892014",
            "revoke_rules_on_delete": false,
            "tags": {
              "Name": "eks-cluster-group",
              "kubernetes.io/cluster/exchange-dev": "owned"
            },
            "timeouts": null,
            "vpc_id": "vpc-024ddaf33064513e7"
          },
          "private": "eyJlMmJmYjczMC1lY2FhLTExZTYtOGY4OC0zNDM2M2JjN2M0YzAiOnsiY3JlYXRlIjo2MDAwMDAwMDAwMDAsImRlbGV0ZSI6NjAwMDAwMDAwMDAwfSwic2NoZW1hX3ZlcnNpb24iOiIxIn0=",
          "dependencies": [
            "module.eks-cluster.aws_vpc.eks-vpc"
          ]
        }
      ]
    },
    {
      "module": "module.eks-cluster",
      "mode": "managed",
      "type": "aws_security_group",
      "name": "eks-node-wrkgrp",
      "provider": "provider.aws",
      "instances": [
        {
          "schema_version": 1,
          "attributes": {
            "arn": "arn:aws:ec2:us-east-1:401413892014:security-group/sg-05c8a4cb3d29df12c",
            "description": "Security group for all nodes in the cluster",
            "egress": [
              {
                "cidr_blocks": [
                  "0.0.0.0/0"
                ],
                "description": "",
                "from_port": 0,
                "ipv6_cidr_blocks": [],
                "prefix_list_ids": [],
                "protocol": "-1",
                "security_groups": [],
                "self": false,
                "to_port": 0
              }
            ],
            "id": "sg-05c8a4cb3d29df12c",
            "ingress": [
              {
                "cidr_blocks": [
                  "0.0.0.0/0"
                ],
                "description": "kubernetes.io/rule/nlb/client=a15c9528189534923b25c708220e064a",
                "from_port": 31802,
                "ipv6_cidr_blocks": [],
                "prefix_list_ids": [],
                "protocol": "tcp",
                "security_groups": [],
                "self": false,
                "to_port": 31802
              },
              {
                "cidr_blocks": [
                  "0.0.0.0/0"
                ],
                "description": "kubernetes.io/rule/nlb/client=a15c9528189534923b25c708220e064a",
                "from_port": 31894,
                "ipv6_cidr_blocks": [],
                "prefix_list_ids": [],
                "protocol": "tcp",
                "security_groups": [],
                "self": false,
                "to_port": 31894
              },
              {
                "cidr_blocks": [
                  "0.0.0.0/0"
                ],
                "description": "kubernetes.io/rule/nlb/mtu",
                "from_port": 3,
                "ipv6_cidr_blocks": [],
                "prefix_list_ids": [],
                "protocol": "icmp",
                "security_groups": [],
                "self": false,
                "to_port": 4
              },
              {
                "cidr_blocks": [
                  "10.11.0.0/16"
                ],
                "description": "kubernetes.io/rule/nlb/health=a15c9528189534923b25c708220e064a",
                "from_port": 30844,
                "ipv6_cidr_blocks": [],
                "prefix_list_ids": [],
                "protocol": "tcp",
                "security_groups": [],
                "self": false,
                "to_port": 30844
              },
              {
                "cidr_blocks": [],
                "description": "Allow node to communicate with each other",
                "from_port": 0,
                "ipv6_cidr_blocks": [],
                "prefix_list_ids": [],
                "protocol": "-1",
                "security_groups": [],
                "self": true,
                "to_port": 0
              },
              {
                "cidr_blocks": [],
                "description": "Allow worker Kubelets and pods to receive communication from the cluster control plane",
                "from_port": 0,
                "ipv6_cidr_blocks": [],
                "prefix_list_ids": [],
                "protocol": "-1",
                "security_groups": [
                  "sg-03ee6b591c3d8b235"
                ],
                "self": false,
                "to_port": 0
              }
            ],
            "name": "eks-node-wrkgrp",
            "name_prefix": "",
            "owner_id": "401413892014",
            "revoke_rules_on_delete": false,
            "tags": {
              "Name": "eks-node-wrkgrp",
              "kubernetes.io/cluster/exchange-dev": "owned"
            },
            "timeouts": null,
            "vpc_id": "vpc-024ddaf33064513e7"
          },
          "private": "eyJlMmJmYjczMC1lY2FhLTExZTYtOGY4OC0zNDM2M2JjN2M0YzAiOnsiY3JlYXRlIjo2MDAwMDAwMDAwMDAsImRlbGV0ZSI6NjAwMDAwMDAwMDAwfSwic2NoZW1hX3ZlcnNpb24iOiIxIn0=",
          "dependencies": [
            "module.eks-cluster.aws_vpc.eks-vpc"
          ]
        }
      ]
    },
    {
      "module": "module.eks-cluster",
      "mode": "managed",
      "type": "aws_security_group_rule",
      "name": "eks-cluster-ingress-node",
      "provider": "provider.aws",
      "instances": [
        {
          "schema_version": 2,
          "attributes": {
            "cidr_blocks": [],
            "description": "Allow pods to communicate with the cluster API Server",
            "from_port": 0,
            "id": "sgrule-2764853143",
            "ipv6_cidr_blocks": [],
            "prefix_list_ids": [],
            "protocol": "-1",
            "security_group_id": "sg-03ee6b591c3d8b235",
            "self": false,
            "source_security_group_id": "sg-05c8a4cb3d29df12c",
            "to_port": 0,
            "type": "ingress"
          },
          "private": "eyJzY2hlbWFfdmVyc2lvbiI6IjIifQ==",
          "dependencies": [
            "module.eks-cluster.aws_security_group.eks-cluster-group",
            "module.eks-cluster.aws_security_group.eks-node-wrkgrp",
            "module.eks-cluster.aws_vpc.eks-vpc"
          ]
        }
      ]
    },
    {
      "module": "module.eks-cluster",
      "mode": "managed",
      "type": "aws_security_group_rule",
      "name": "eks-node-ingress-cluster",
      "provider": "provider.aws",
      "instances": [
        {
          "schema_version": 2,
          "attributes": {
            "cidr_blocks": [],
            "description": "Allow worker Kubelets and pods to receive communication from the cluster control plane",
            "from_port": 0,
            "id": "sgrule-1762093384",
            "ipv6_cidr_blocks": [],
            "prefix_list_ids": [],
            "protocol": "-1",
            "security_group_id": "sg-05c8a4cb3d29df12c",
            "self": false,
            "source_security_group_id": "sg-03ee6b591c3d8b235",
            "to_port": 0,
            "type": "ingress"
          },
          "private": "eyJzY2hlbWFfdmVyc2lvbiI6IjIifQ==",
          "dependencies": [
            "module.eks-cluster.aws_security_group.eks-cluster-group",
            "module.eks-cluster.aws_security_group.eks-node-wrkgrp",
            "module.eks-cluster.aws_vpc.eks-vpc"
          ]
        }
      ]
    },
    {
      "module": "module.eks-cluster",
      "mode": "managed",
      "type": "aws_security_group_rule",
      "name": "eks-node-wrkgrp-ingress",
      "provider": "provider.aws",
      "instances": [
        {
          "schema_version": 2,
          "attributes": {
            "cidr_blocks": [],
            "description": "Allow node to communicate with each other",
            "from_port": 0,
            "id": "sgrule-2762623963",
            "ipv6_cidr_blocks": [],
            "prefix_list_ids": [],
            "protocol": "-1",
            "security_group_id": "sg-05c8a4cb3d29df12c",
            "self": false,
            "source_security_group_id": "sg-05c8a4cb3d29df12c",
            "to_port": 0,
            "type": "ingress"
          },
          "private": "eyJzY2hlbWFfdmVyc2lvbiI6IjIifQ==",
          "dependencies": [
            "module.eks-cluster.aws_security_group.eks-node-wrkgrp",
            "module.eks-cluster.aws_vpc.eks-vpc"
          ]
        }
      ]
    },
    {
      "module": "module.eks-cluster",
      "mode": "managed",
      "type": "aws_subnet",
      "name": "eks-public-1",
      "provider": "provider.aws",
      "instances": [
        {
          "schema_version": 1,
          "attributes": {
            "arn": "arn:aws:ec2:us-east-1:401413892014:subnet/subnet-0dab16fedbcd2139e",
            "assign_ipv6_address_on_creation": false,
            "availability_zone": "us-east-1a",
            "availability_zone_id": "use1-az4",
            "cidr_block": "10.11.1.0/24",
            "id": "subnet-0dab16fedbcd2139e",
            "ipv6_cidr_block": "",
            "ipv6_cidr_block_association_id": "",
            "map_public_ip_on_launch": true,
            "outpost_arn": "",
            "owner_id": "401413892014",
            "tags": {
              "Name": "eks-public-1",
              "kubernetes.io/cluster/exchange-dev": "shared"
            },
            "timeouts": null,
            "vpc_id": "vpc-024ddaf33064513e7"
          },
          "private": "eyJlMmJmYjczMC1lY2FhLTExZTYtOGY4OC0zNDM2M2JjN2M0YzAiOnsiY3JlYXRlIjo2MDAwMDAwMDAwMDAsImRlbGV0ZSI6MTIwMDAwMDAwMDAwMH0sInNjaGVtYV92ZXJzaW9uIjoiMSJ9",
          "dependencies": [
            "module.eks-cluster.aws_vpc.eks-vpc"
          ]
        }
      ]
    },
    {
      "module": "module.eks-cluster",
      "mode": "managed",
      "type": "aws_subnet",
      "name": "eks-public-2",
      "provider": "provider.aws",
      "instances": [
        {
          "schema_version": 1,
          "attributes": {
            "arn": "arn:aws:ec2:us-east-1:401413892014:subnet/subnet-0bcbd454fb7c2e82a",
            "assign_ipv6_address_on_creation": false,
            "availability_zone": "us-east-1b",
            "availability_zone_id": "use1-az6",
            "cidr_block": "10.11.2.0/24",
            "id": "subnet-0bcbd454fb7c2e82a",
            "ipv6_cidr_block": "",
            "ipv6_cidr_block_association_id": "",
            "map_public_ip_on_launch": true,
            "outpost_arn": "",
            "owner_id": "401413892014",
            "tags": {
              "Name": "eks-public-2",
              "kubernetes.io/cluster/exchange-dev": "shared"
            },
            "timeouts": null,
            "vpc_id": "vpc-024ddaf33064513e7"
          },
          "private": "eyJlMmJmYjczMC1lY2FhLTExZTYtOGY4OC0zNDM2M2JjN2M0YzAiOnsiY3JlYXRlIjo2MDAwMDAwMDAwMDAsImRlbGV0ZSI6MTIwMDAwMDAwMDAwMH0sInNjaGVtYV92ZXJzaW9uIjoiMSJ9",
          "dependencies": [
            "module.eks-cluster.aws_vpc.eks-vpc"
          ]
        }
      ]
    },
    {
      "module": "module.eks-cluster",
      "mode": "managed",
      "type": "aws_subnet",
      "name": "eks-public-3",
      "provider": "provider.aws",
      "instances": [
        {
          "schema_version": 1,
          "attributes": {
            "arn": "arn:aws:ec2:us-east-1:401413892014:subnet/subnet-00d7a6a53c72a46c0",
            "assign_ipv6_address_on_creation": false,
            "availability_zone": "us-east-1c",
            "availability_zone_id": "use1-az1",
            "cidr_block": "10.11.3.0/24",
            "id": "subnet-00d7a6a53c72a46c0",
            "ipv6_cidr_block": "",
            "ipv6_cidr_block_association_id": "",
            "map_public_ip_on_launch": true,
            "outpost_arn": "",
            "owner_id": "401413892014",
            "tags": {
              "Name": "eks-public-3",
              "kubernetes.io/cluster/exchange-dev": "shared"
            },
            "timeouts": null,
            "vpc_id": "vpc-024ddaf33064513e7"
          },
          "private": "eyJlMmJmYjczMC1lY2FhLTExZTYtOGY4OC0zNDM2M2JjN2M0YzAiOnsiY3JlYXRlIjo2MDAwMDAwMDAwMDAsImRlbGV0ZSI6MTIwMDAwMDAwMDAwMH0sInNjaGVtYV92ZXJzaW9uIjoiMSJ9",
          "dependencies": [
            "module.eks-cluster.aws_vpc.eks-vpc"
          ]
        }
      ]
    },
    {
      "module": "module.eks-cluster",
      "mode": "managed",
      "type": "aws_vpc",
      "name": "eks-vpc",
      "provider": "provider.aws",
      "instances": [
        {
          "schema_version": 1,
          "attributes": {
            "arn": "arn:aws:ec2:us-east-1:401413892014:vpc/vpc-024ddaf33064513e7",
            "assign_generated_ipv6_cidr_block": false,
            "cidr_block": "10.11.0.0/16",
            "default_network_acl_id": "acl-04b89dd5c14e088e0",
            "default_route_table_id": "rtb-0b3ad95fbf1254eb1",
            "default_security_group_id": "sg-0cf22085f8d5b1f69",
            "dhcp_options_id": "dopt-5417a02e",
            "enable_classiclink": false,
            "enable_classiclink_dns_support": false,
            "enable_dns_hostnames": true,
            "enable_dns_support": true,
            "id": "vpc-024ddaf33064513e7",
            "instance_tenancy": "default",
            "ipv6_association_id": "",
            "ipv6_cidr_block": "",
            "main_route_table_id": "rtb-0b3ad95fbf1254eb1",
            "owner_id": "401413892014",
            "tags": {
              "Name": "exchange-dev",
              "kubernetes.io/cluster/exchange-dev": "shared"
            }
          },
          "private": "eyJzY2hlbWFfdmVyc2lvbiI6IjEifQ=="
        }
      ]
    }
  ]
}
